
Microsoft Visual Studio Solution File, Format Version 12.00
# Visual Studio Version 17
VisualStudioVersion = 17.3.32825.248
MinimumVisualStudioVersion = 10.0.40219.1
Project("{FAE04EC0-301F-11D3-BF4B-00C04F79EFBC}") = "WeatherViewer.Android", "WeatherViewer\WeatherViewer.Android\WeatherViewer.Android.csproj", "{0FC99280-44EA-4287-A320-A62896617F31}"
EndProject
Project("{FAE04EC0-301F-11D3-BF4B-00C04F79EFBC}") = "WeatherViewer", "WeatherViewer\WeatherViewer\WeatherViewer.csproj", "{7DF2179C-6F49-4161-891C-D648C43050A0}"
EndProject
Global
	GlobalSection(SolutionConfigurationPlatforms) = preSolution
		Debug|Any CPU = Debug|Any CPU
		Release|Any CPU = Release|Any CPU
	EndGlobalSection
	GlobalSection(ProjectConfigurationPlatforms) = postSolution
		{0FC99280-44EA-4287-A320-A62896617F31}.Debug|Any CPU.ActiveCfg = Debug|Any CPU
		{0FC99280-44EA-4287-A320-A62896617F31}.Debug|Any CPU.Build.0 = Debug|Any CPU
		{0FC99280-44EA-4287-A320-A62896617F31}.Debug|Any CPU.Deploy.0 = Debug|Any CPU
		{0FC99280-44EA-4287-A320-A62896617F31}.Release|Any CPU.ActiveCfg = Release|Any CPU
		{0FC99280-44EA-4287-A320-A62896617F31}.Release|Any CPU.Build.0 = Release|Any CPU
		{0FC99280-44EA-4287-A320-A62896617F31}.Release|Any CPU.Deploy.0 = Release|Any CPU
		{7DF2179C-6F49-4161-891C-D648C43050A0}.Debug|Any CPU.ActiveCfg = Debug|Any CPU
		{7DF2179C-6F49-4161-891C-D648C43050A0}.Debug|Any CPU.Build.0 = Debug|Any CPU
		{7DF2179C-6F49-4161-891C-D648C43050A0}.Debug|Any CPU.Deploy.0 = Debug|Any CPU
		{7DF2179C-6F49-4161-891C-D648C43050A0}.Release|Any CPU.ActiveCfg = Release|Any CPU
		{7DF2179C-6F49-4161-891C-D648C43050A0}.Release|Any CPU.Build.0 = Release|Any CPU
		{7DF2179C-6F49-4161-891C-D648C43050A0}.Release|Any CPU.Deploy.0 = Release|Any CPU
	EndGlobalSection
	GlobalSection(SolutionProperties) = preSolution
		HideSolutionNode = FALSE
	EndGlobalSection
	GlobalSection(ExtensibilityGlobals) = postSolution
		SolutionGuid = {F7A6FEAB-1695-45C4-A4B5-33BE6882EC70}
	EndGlobalSection
EndGlobal
